// !$*UTF8*$!
{
	archiveVersion = 1;
	classes = {
	};
	objectVersion = 48;
	objects = {

/* Begin PBXBuildFile section */
		60FFDD117702D6D7625E2CEB /* libPods-TrendsCell.a in Frameworks */ = {isa = PBXBuildFile; fileRef = 705CA82A5D2AB5E696221A31 /* libPods-TrendsCell.a */; };
		7277A4B4204D2C5E002A391E /* AppDelegate.m in Sources */ = {isa = PBXBuildFile; fileRef = 7277A4B3204D2C5E002A391E /* AppDelegate.m */; };
		7277A4B7204D2C5E002A391E /* ViewController.m in Sources */ = {isa = PBXBuildFile; fileRef = 7277A4B6204D2C5E002A391E /* ViewController.m */; };
		7277A4BA204D2C5E002A391E /* Main.storyboard in Resources */ = {isa = PBXBuildFile; fileRef = 7277A4B8204D2C5E002A391E /* Main.storyboard */; };
		7277A4BC204D2C5E002A391E /* Assets.xcassets in Resources */ = {isa = PBXBuildFile; fileRef = 7277A4BB204D2C5E002A391E /* Assets.xcassets */; };
		7277A4BF204D2C5E002A391E /* LaunchScreen.storyboard in Resources */ = {isa = PBXBuildFile; fileRef = 7277A4BD204D2C5E002A391E /* LaunchScreen.storyboard */; };
		7277A4C2204D2C5E002A391E /* main.m in Sources */ = {isa = PBXBuildFile; fileRef = 7277A4C1204D2C5E002A391E /* main.m */; };
		7277A4CC204D2C5E002A391E /* TrendsCellTests.m in Sources */ = {isa = PBXBuildFile; fileRef = 7277A4CB204D2C5E002A391E /* TrendsCellTests.m */; };
		7277A4D7204D2C5E002A391E /* TrendsCellUITests.m in Sources */ = {isa = PBXBuildFile; fileRef = 7277A4D6204D2C5E002A391E /* TrendsCellUITests.m */; };
		7277A4E8204D2CFE002A391E /* SZDataModel.m in Sources */ = {isa = PBXBuildFile; fileRef = 7277A4E7204D2CFE002A391E /* SZDataModel.m */; };
		7277A4EB204D2D69002A391E /* SZTrendsCell.m in Sources */ = {isa = PBXBuildFile; fileRef = 7277A4EA204D2D69002A391E /* SZTrendsCell.m */; };
		7277A4EF204D2DC9002A391E /* SZUtils.m in Sources */ = {isa = PBXBuildFile; fileRef = 7277A4EE204D2DC9002A391E /* SZUtils.m */; };
/* End PBXBuildFile section */

/* Begin PBXContainerItemProxy section */
		7277A4C8204D2C5E002A391E /* PBXContainerItemProxy */ = {
			isa = PBXContainerItemProxy;
			containerPortal = 7277A4A7204D2C5E002A391E /* Project object */;
			proxyType = 1;
			remoteGlobalIDString = 7277A4AE204D2C5E002A391E;
			remoteInfo = TrendsCell;
		};
		7277A4D3204D2C5E002A391E /* PBXContainerItemProxy */ = {
			isa = PBXContainerItemProxy;
			containerPortal = 7277A4A7204D2C5E002A391E /* Project object */;
			proxyType = 1;
			remoteGlobalIDString = 7277A4AE204D2C5E002A391E;
			remoteInfo = TrendsCell;
		};
/* End PBXContainerItemProxy section */

/* Begin PBXFileReference section */
		0C51F676C080E22DDFE4900D /* Pods-TrendsCell.debug.xcconfig */ = {isa = PBXFileReference; includeInIndex = 1; lastKnownFileType = text.xcconfig; name = "Pods-TrendsCell.debug.xcconfig"; path = "Pods/Target Support Files/Pods-TrendsCell/Pods-TrendsCell.debug.xcconfig"; sourceTree = "<group>"; };
		705CA82A5D2AB5E696221A31 /* libPods-TrendsCell.a */ = {isa = PBXFileReference; explicitFileType = archive.ar; includeInIndex = 0; path = "libPods-TrendsCell.a"; sourceTree = BUILT_PRODUCTS_DIR; };
		7277A4AF204D2C5E002A391E /* TrendsCell.app */ = {isa = PBXFileReference; explicitFileType = wrapper.application; includeInIndex = 0; path = TrendsCell.app; sourceTree = BUILT_PRODUCTS_DIR; };
		7277A4B2204D2C5E002A391E /* AppDelegate.h */ = {isa = PBXFileReference; lastKnownFileType = sourcecode.c.h; path = AppDelegate.h; sourceTree = "<group>"; };
		7277A4B3204D2C5E002A391E /* AppDelegate.m */ = {isa = PBXFileReference; lastKnownFileType = sourcecode.c.objc; path = AppDelegate.m; sourceTree = "<group>"; };
		7277A4B5204D2C5E002A391E /* ViewController.h */ = {isa = PBXFileReference; lastKnownFileType = sourcecode.c.h; path = ViewController.h; sourceTree = "<group>"; };
		7277A4B6204D2C5E002A391E /* ViewController.m */ = {isa = PBXFileReference; lastKnownFileType = sourcecode.c.objc; path = ViewController.m; sourceTree = "<group>"; };
		7277A4B9204D2C5E002A391E /* Base */ = {isa = PBXFileReference; lastKnownFileType = file.storyboard; name = Base; path = Base.lproj/Main.storyboard; sourceTree = "<group>"; };
		7277A4BB204D2C5E002A391E /* Assets.xcassets */ = {isa = PBXFileReference; lastKnownFileType = folder.assetcatalog; path = Assets.xcassets; sourceTree = "<group>"; };
		7277A4BE204D2C5E002A391E /* Base */ = {isa = PBXFileReference; lastKnownFileType = file.storyboard; name = Base; path = Base.lproj/LaunchScreen.storyboard; sourceTree = "<group>"; };
		7277A4C0204D2C5E002A391E /* Info.plist */ = {isa = PBXFileReference; lastKnownFileType = text.plist.xml; path = Info.plist; sourceTree = "<group>"; };
		7277A4C1204D2C5E002A391E /* main.m */ = {isa = PBXFileReference; lastKnownFileType = sourcecode.c.objc; path = main.m; sourceTree = "<group>"; };
		7277A4C7204D2C5E002A391E /* TrendsCellTests.xctest */ = {isa = PBXFileReference; explicitFileType = wrapper.cfbundle; includeInIndex = 0; path = TrendsCellTests.xctest; sourceTree = BUILT_PRODUCTS_DIR; };
		7277A4CB204D2C5E002A391E /* TrendsCellTests.m */ = {isa = PBXFileReference; lastKnownFileType = sourcecode.c.objc; path = TrendsCellTests.m; sourceTree = "<group>"; };
		7277A4CD204D2C5E002A391E /* Info.plist */ = {isa = PBXFileReference; lastKnownFileType = text.plist.xml; path = Info.plist; sourceTree = "<group>"; };
		7277A4D2204D2C5E002A391E /* TrendsCellUITests.xctest */ = {isa = PBXFileReference; explicitFileType = wrapper.cfbundle; includeInIndex = 0; path = TrendsCellUITests.xctest; sourceTree = BUILT_PRODUCTS_DIR; };
		7277A4D6204D2C5E002A391E /* TrendsCellUITests.m */ = {isa = PBXFileReference; lastKnownFileType = sourcecode.c.objc; path = TrendsCellUITests.m; sourceTree = "<group>"; };
		7277A4D8204D2C5E002A391E /* Info.plist */ = {isa = PBXFileReference; lastKnownFileType = text.plist.xml; path = Info.plist; sourceTree = "<group>"; };
		7277A4E6204D2CFE002A391E /* SZDataModel.h */ = {isa = PBXFileReference; lastKnownFileType = sourcecode.c.h; path = SZDataModel.h; sourceTree = "<group>"; };
		7277A4E7204D2CFE002A391E /* SZDataModel.m */ = {isa = PBXFileReference; lastKnownFileType = sourcecode.c.objc; path = SZDataModel.m; sourceTree = "<group>"; };
		7277A4E9204D2D69002A391E /* SZTrendsCell.h */ = {isa = PBXFileReference; lastKnownFileType = sourcecode.c.h; path = SZTrendsCell.h; sourceTree = "<group>"; };
		7277A4EA204D2D69002A391E /* SZTrendsCell.m */ = {isa = PBXFileReference; lastKnownFileType = sourcecode.c.objc; path = SZTrendsCell.m; sourceTree = "<group>"; };
		7277A4ED204D2DC9002A391E /* SZUtils.h */ = {isa = PBXFileReference; lastKnownFileType = sourcecode.c.h; path = SZUtils.h; sourceTree = "<group>"; };
		7277A4EE204D2DC9002A391E /* SZUtils.m */ = {isa = PBXFileReference; lastKnownFileType = sourcecode.c.objc; path = SZUtils.m; sourceTree = "<group>"; };
		C6F0C8242369CC1AAF762428 /* Pods-TrendsCell.release.xcconfig */ = {isa = PBXFileReference; includeInIndex = 1; lastKnownFileType = text.xcconfig; name = "Pods-TrendsCell.release.xcconfig"; path = "Pods/Target Support Files/Pods-TrendsCell/Pods-TrendsCell.release.xcconfig"; sourceTree = "<group>"; };
/* End PBXFileReference section */

/* Begin PBXFrameworksBuildPhase section */
		7277A4AC204D2C5E002A391E /* Frameworks */ = {
			isa = PBXFrameworksBuildPhase;
			buildActionMask = 2147483647;
			files = (
				60FFDD117702D6D7625E2CEB /* libPods-TrendsCell.a in Frameworks */,
			);
			runOnlyForDeploymentPostprocessing = 0;
		};
		7277A4C4204D2C5E002A391E /* Frameworks */ = {
			isa = PBXFrameworksBuildPhase;
			buildActionMask = 2147483647;
			files = (
			);
			runOnlyForDeploymentPostprocessing = 0;
		};
		7277A4CF204D2C5E002A391E /* Frameworks */ = {
			isa = PBXFrameworksBuildPhase;
			buildActionMask = 2147483647;
			files = (
			);
			runOnlyForDeploymentPostprocessing = 0;
		};
/* End PBXFrameworksBuildPhase section */

/* Begin PBXGroup section */
		7277A4A6204D2C5E002A391E = {
			isa = PBXGroup;
			children = (
				7277A4B1204D2C5E002A391E /* TrendsCell */,
				7277A4CA204D2C5E002A391E /* TrendsCellTests */,
				7277A4D5204D2C5E002A391E /* TrendsCellUITests */,
				7277A4B0204D2C5E002A391E /* Products */,
				A458185A3C60B7DBB346C8DA /* Pods */,
				EFDCCC9177F1947E90085583 /* Frameworks */,
			);
			sourceTree = "<group>";
		};
		7277A4B0204D2C5E002A391E /* Products */ = {
			isa = PBXGroup;
			children = (
				7277A4AF204D2C5E002A391E /* TrendsCell.app */,
				7277A4C7204D2C5E002A391E /* TrendsCellTests.xctest */,
				7277A4D2204D2C5E002A391E /* TrendsCellUITests.xctest */,
			);
			name = Products;
			sourceTree = "<group>";
		};
		7277A4B1204D2C5E002A391E /* TrendsCell */ = {
			isa = PBXGroup;
			children = (
				7277A4EC204D2DB2002A391E /* Support */,
				7277A4E4204D2C7E002A391E /* Model */,
				7277A4E5204D2C7E002A391E /* View */,
				7277A4B2204D2C5E002A391E /* AppDelegate.h */,
				7277A4B3204D2C5E002A391E /* AppDelegate.m */,
				7277A4B5204D2C5E002A391E /* ViewController.h */,
				7277A4B6204D2C5E002A391E /* ViewController.m */,
				7277A4B8204D2C5E002A391E /* Main.storyboard */,
				7277A4BB204D2C5E002A391E /* Assets.xcassets */,
				7277A4BD204D2C5E002A391E /* LaunchScreen.storyboard */,
				7277A4C0204D2C5E002A391E /* Info.plist */,
				7277A4C1204D2C5E002A391E /* main.m */,
			);
			path = TrendsCell;
			sourceTree = "<group>";
		};
		7277A4CA204D2C5E002A391E /* TrendsCellTests */ = {
			isa = PBXGroup;
			children = (
				7277A4CB204D2C5E002A391E /* TrendsCellTests.m */,
				7277A4CD204D2C5E002A391E /* Info.plist */,
			);
			path = TrendsCellTests;
			sourceTree = "<group>";
		};
		7277A4D5204D2C5E002A391E /* TrendsCellUITests */ = {
			isa = PBXGroup;
			children = (
				7277A4D6204D2C5E002A391E /* TrendsCellUITests.m */,
				7277A4D8204D2C5E002A391E /* Info.plist */,
			);
			path = TrendsCellUITests;
			sourceTree = "<group>";
		};
		7277A4E4204D2C7E002A391E /* Model */ = {
			isa = PBXGroup;
			children = (
				7277A4E6204D2CFE002A391E /* SZDataModel.h */,
				7277A4E7204D2CFE002A391E /* SZDataModel.m */,
			);
			path = Model;
			sourceTree = "<group>";
		};
		7277A4E5204D2C7E002A391E /* View */ = {
			isa = PBXGroup;
			children = (
				7277A4E9204D2D69002A391E /* SZTrendsCell.h */,
				7277A4EA204D2D69002A391E /* SZTrendsCell.m */,
			);
			path = View;
			sourceTree = "<group>";
		};
		7277A4EC204D2DB2002A391E /* Support */ = {
			isa = PBXGroup;
			children = (
				7277A4ED204D2DC9002A391E /* SZUtils.h */,
				7277A4EE204D2DC9002A391E /* SZUtils.m */,
			);
			path = Support;
			sourceTree = "<group>";
		};
		A458185A3C60B7DBB346C8DA /* Pods */ = {
			isa = PBXGroup;
			children = (
				0C51F676C080E22DDFE4900D /* Pods-TrendsCell.debug.xcconfig */,
				C6F0C8242369CC1AAF762428 /* Pods-TrendsCell.release.xcconfig */,
			);
			name = Pods;
			sourceTree = "<group>";
		};
		EFDCCC9177F1947E90085583 /* Frameworks */ = {
			isa = PBXGroup;
			children = (
				705CA82A5D2AB5E696221A31 /* libPods-TrendsCell.a */,
			);
			name = Frameworks;
			sourceTree = "<group>";
		};
/* End PBXGroup section */

/* Begin PBXNativeTarget section */
		7277A4AE204D2C5E002A391E /* TrendsCell */ = {
			isa = PBXNativeTarget;
			buildConfigurationList = 7277A4DB204D2C5E002A391E /* Build configuration list for PBXNativeTarget "TrendsCell" */;
			buildPhases = (
				EC6E04D4FFA136DA5EE1ECF9 /* [CP] Check Pods Manifest.lock */,
				7277A4AB204D2C5E002A391E /* Sources */,
				7277A4AC204D2C5E002A391E /* Frameworks */,
				7277A4AD204D2C5E002A391E /* Resources */,
				FA3DE6D60738F4BABE2F3CFD /* [CP] Embed Pods Frameworks */,
				A56635EA8A22F603EEA2D24C /* [CP] Copy Pods Resources */,
			);
			buildRules = (
			);
			dependencies = (
			);
			name = TrendsCell;
			productName = TrendsCell;
			productReference = 7277A4AF204D2C5E002A391E /* TrendsCell.app */;
			productType = "com.apple.product-type.application";
		};
		7277A4C6204D2C5E002A391E /* TrendsCellTests */ = {
			isa = PBXNativeTarget;
			buildConfigurationList = 7277A4DE204D2C5E002A391E /* Build configuration list for PBXNativeTarget "TrendsCellTests" */;
			buildPhases = (
				7277A4C3204D2C5E002A391E /* Sources */,
				7277A4C4204D2C5E002A391E /* Frameworks */,
				7277A4C5204D2C5E002A391E /* Resources */,
			);
			buildRules = (
			);
			dependencies = (
				7277A4C9204D2C5E002A391E /* PBXTargetDependency */,
			);
			name = TrendsCellTests;
			productName = TrendsCellTests;
			productReference = 7277A4C7204D2C5E002A391E /* TrendsCellTests.xctest */;
			productType = "com.apple.product-type.bundle.unit-test";
		};
		7277A4D1204D2C5E002A391E /* TrendsCellUITests */ = {
			isa = PBXNativeTarget;
			buildConfigurationList = 7277A4E1204D2C5E002A391E /* Build configuration list for PBXNativeTarget "TrendsCellUITests" */;
			buildPhases = (
				7277A4CE204D2C5E002A391E /* Sources */,
				7277A4CF204D2C5E002A391E /* Frameworks */,
				7277A4D0204D2C5E002A391E /* Resources */,
			);
			buildRules = (
			);
			dependencies = (
				7277A4D4204D2C5E002A391E /* PBXTargetDependency */,
			);
			name = TrendsCellUITests;
			productName = TrendsCellUITests;
			productReference = 7277A4D2204D2C5E002A391E /* TrendsCellUITests.xctest */;
			productType = "com.apple.product-type.bundle.ui-testing";
		};
/* End PBXNativeTarget section */

/* Begin PBXProject section */
		7277A4A7204D2C5E002A391E /* Project object */ = {
			isa = PBXProject;
			attributes = {
				LastUpgradeCheck = 0920;
				ORGANIZATIONNAME = "何松泽";
				TargetAttributes = {
					7277A4AE204D2C5E002A391E = {
						CreatedOnToolsVersion = 9.2;
						ProvisioningStyle = Automatic;
					};
					7277A4C6204D2C5E002A391E = {
						CreatedOnToolsVersion = 9.2;
						ProvisioningStyle = Automatic;
						TestTargetID = 7277A4AE204D2C5E002A391E;
					};
					7277A4D1204D2C5E002A391E = {
						CreatedOnToolsVersion = 9.2;
						ProvisioningStyle = Automatic;
						TestTargetID = 7277A4AE204D2C5E002A391E;
					};
				};
			};
			buildConfigurationList = 7277A4AA204D2C5E002A391E /* Build configuration list for PBXProject "TrendsCell" */;
			compatibilityVersion = "Xcode 8.0";
			developmentRegion = en;
			hasScannedForEncodings = 0;
			knownRegions = (
				en,
				Base,
			);
			mainGroup = 7277A4A6204D2C5E002A391E;
			productRefGroup = 7277A4B0204D2C5E002A391E /* Products */;
			projectDirPath = "";
			projectRoot = "";
			targets = (
				7277A4AE204D2C5E002A391E /* TrendsCell */,
				7277A4C6204D2C5E002A391E /* TrendsCellTests */,
				7277A4D1204D2C5E002A391E /* TrendsCellUITests */,
			);
		};
/* End PBXProject section */

/* Begin PBXResourcesBuildPhase section */
		7277A4AD204D2C5E002A391E /* Resources */ = {
			isa = PBXResourcesBuildPhase;
			buildActionMask = 2147483647;
			files = (
				7277A4BF204D2C5E002A391E /* LaunchScreen.storyboard in Resources */,
				7277A4BC204D2C5E002A391E /* Assets.xcassets in Resources */,
				7277A4BA204D2C5E002A391E /* Main.storyboard in Resources */,
			);
			runOnlyForDeploymentPostprocessing = 0;
		};
		7277A4C5204D2C5E002A391E /* Resources */ = {
			isa = PBXResourcesBuildPhase;
			buildActionMask = 2147483647;
			files = (
			);
			runOnlyForDeploymentPostprocessing = 0;
		};
		7277A4D0204D2C5E002A391E /* Resources */ = {
			isa = PBXResourcesBuildPhase;
			buildActionMask = 2147483647;
			files = (
			);
			runOnlyForDeploymentPostprocessing = 0;
		};
/* End PBXResourcesBuildPhase section */

/* Begin PBXShellScriptBuildPhase section */
		A56635EA8A22F603EEA2D24C /* [CP] Copy Pods Resources */ = {
			isa = PBXShellScriptBuildPhase;
			buildActionMask = 2147483647;
			files = (
			);
			inputPaths = (
			);
			name = "[CP] Copy Pods Resources";
			outputPaths = (
			);
			runOnlyForDeploymentPostprocessing = 0;
			shellPath = /bin/sh;
			shellScript = "\"${SRCROOT}/Pods/Target Support Files/Pods-TrendsCell/Pods-TrendsCell-resources.sh\"\n";
			showEnvVarsInLog = 0;
		};
		EC6E04D4FFA136DA5EE1ECF9 /* [CP] Check Pods Manifest.lock */ = {
			isa = PBXShellScriptBuildPhase;
			buildActionMask = 2147483647;
			files = (
			);
			inputPaths = (
				"${PODS_PODFILE_DIR_PATH}/Podfile.lock",
				"${PODS_ROOT}/Manifest.lock",
			);
			name = "[CP] Check Pods Manifest.lock";
			outputPaths = (
				"$(DERIVED_FILE_DIR)/Pods-TrendsCell-checkManifestLockResult.txt",
			);
			runOnlyForDeploymentPostprocessing = 0;
			shellPath = /bin/sh;
			shellScript = "diff \"${PODS_PODFILE_DIR_PATH}/Podfile.lock\" \"${PODS_ROOT}/Manifest.lock\" > /dev/null\nif [ $? != 0 ] ; then\n    # print error to STDERR\n    echo \"error: The sandbox is not in sync with the Podfile.lock. Run 'pod install' or update your CocoaPods installation.\" >&2\n    exit 1\nfi\n# This output is used by Xcode 'outputs' to avoid re-running this script phase.\necho \"SUCCESS\" > \"${SCRIPT_OUTPUT_FILE_0}\"\n";
			showEnvVarsInLog = 0;
		};
		FA3DE6D60738F4BABE2F3CFD /* [CP] Embed Pods Frameworks */ = {
			isa = PBXShellScriptBuildPhase;
			buildActionMask = 2147483647;
			files = (
			);
			inputPaths = (
			);
			name = "[CP] Embed Pods Frameworks";
			outputPaths = (
			);
			runOnlyForDeploymentPostprocessing = 0;
			shellPath = /bin/sh;
			shellScript = "\"${SRCROOT}/Pods/Target Support Files/Pods-TrendsCell/Pods-TrendsCell-frameworks.sh\"\n";
			showEnvVarsInLog = 0;
		};
/* End PBXShellScriptBuildPhase section */

/* Begin PBXSourcesBuildPhase section */
		7277A4AB204D2C5E002A391E /* Sources */ = {
			isa = PBXSourcesBuildPhase;
			buildActionMask = 2147483647;
			files = (
				7277A4EF204D2DC9002A391E /* SZUtils.m in Sources */,
				7277A4EB204D2D69002A391E /* SZTrendsCell.m in Sources */,
				7277A4E8204D2CFE002A391E /* SZDataModel.m in Sources */,
				7277A4B7204D2C5E002A391E /* ViewController.m in Sources */,
				7277A4C2204D2C5E002A391E /* main.m in Sources */,
				7277A4B4204D2C5E002A391E /* AppDelegate.m in Sources */,
			);
			runOnlyForDeploymentPostprocessing = 0;
		};
		7277A4C3204D2C5E002A391E /* Sources */ = {
			isa = PBXSourcesBuildPhase;
			buildActionMask = 2147483647;
			files = (
				7277A4CC204D2C5E002A391E /* TrendsCellTests.m in Sources */,
			);
			runOnlyForDeploymentPostprocessing = 0;
		};
		7277A4CE204D2C5E002A391E /* Sources */ = {
			isa = PBXSourcesBuildPhase;
			buildActionMask = 2147483647;
			files = (
				7277A4D7204D2C5E002A391E /* TrendsCellUITests.m in Sources */,
			);
			runOnlyForDeploymentPostprocessing = 0;
		};
/* End PBXSourcesBuildPhase section */

/* Begin PBXTargetDependency section */
		7277A4C9204D2C5E002A391E /* PBXTargetDependency */ = {
			isa = PBXTargetDependency;
			target = 7277A4AE204D2C5E002A391E /* TrendsCell */;
			targetProxy = 7277A4C8204D2C5E002A391E /* PBXContainerItemProxy */;
		};
		7277A4D4204D2C5E002A391E /* PBXTargetDependency */ = {
			isa = PBXTargetDependency;
			target = 7277A4AE204D2C5E002A391E /* TrendsCell */;
			targetProxy = 7277A4D3204D2C5E002A391E /* PBXContainerItemProxy */;
		};
/* End PBXTargetDependency section */

/* Begin PBXVariantGroup section */
		7277A4B8204D2C5E002A391E /* Main.storyboard */ = {
			isa = PBXVariantGroup;
			children = (
				7277A4B9204D2C5E002A391E /* Base */,
			);
			name = Main.storyboard;
			sourceTree = "<group>";
		};
		7277A4BD204D2C5E002A391E /* LaunchScreen.storyboard */ = {
			isa = PBXVariantGroup;
			children = (
				7277A4BE204D2C5E002A391E /* Base */,
			);
			name = LaunchScreen.storyboard;
			sourceTree = "<group>";
		};
/* End PBXVariantGroup section */

/* Begin XCBuildConfiguration section */
		7277A4D9204D2C5E002A391E /* Debug */ = {
			isa = XCBuildConfiguration;
			buildSettings = {
				ALWAYS_SEARCH_USER_PATHS = NO;
				CLANG_ANALYZER_NONNULL = YES;
				CLANG_ANALYZER_NUMBER_OBJECT_CONVERSION = YES_AGGRESSIVE;
				CLANG_CXX_LANGUAGE_STANDARD = "gnu++14";
				CLANG_CXX_LIBRARY = "libc++";
				CLANG_ENABLE_MODULES = YES;
				CLANG_ENABLE_OBJC_ARC = YES;
				CLANG_WARN_BLOCK_CAPTURE_AUTORELEASING = YES;
				CLANG_WARN_BOOL_CONVERSION = YES;
				CLANG_WARN_COMMA = YES;
				CLANG_WARN_CONSTANT_CONVERSION = YES;
				CLANG_WARN_DIRECT_OBJC_ISA_USAGE = YES_ERROR;
				CLANG_WARN_DOCUMENTATION_COMMENTS = YES;
				CLANG_WARN_EMPTY_BODY = YES;
				CLANG_WARN_ENUM_CONVERSION = YES;
				CLANG_WARN_INFINITE_RECURSION = YES;
				CLANG_WARN_INT_CONVERSION = YES;
				CLANG_WARN_NON_LITERAL_NULL_CONVERSION = YES;
				CLANG_WARN_OBJC_LITERAL_CONVERSION = YES;
				CLANG_WARN_OBJC_ROOT_CLASS = YES_ERROR;
				CLANG_WARN_RANGE_LOOP_ANALYSIS = YES;
				CLANG_WARN_STRICT_PROTOTYPES = YES;
				CLANG_WARN_SUSPICIOUS_MOVE = YES;
				CLANG_WARN_UNGUARDED_AVAILABILITY = YES_AGGRESSIVE;
				CLANG_WARN_UNREACHABLE_CODE = YES;
				CLANG_WARN__DUPLICATE_METHOD_MATCH = YES;
				CODE_SIGN_IDENTITY = "iPhone Developer";
				COPY_PHASE_STRIP = NO;
				DEBUG_INFORMATION_FORMAT = dwarf;
				ENABLE_STRICT_OBJC_MSGSEND = YES;
				ENABLE_TESTABILITY = YES;
				GCC_C_LANGUAGE_STANDARD = gnu11;
				GCC_DYNAMIC_NO_PIC = NO;
				GCC_NO_COMMON_BLOCKS = YES;
				GCC_OPTIMIZATION_LEVEL = 0;
				GCC_PREPROCESSOR_DEFINITIONS = (
					"DEBUG=1",
					"$(inherited)",
				);
				GCC_WARN_64_TO_32_BIT_CONVERSION = YES;
				GCC_WARN_ABOUT_RETURN_TYPE = YES_ERROR;
				GCC_WARN_UNDECLARED_SELECTOR = YES;
				GCC_WARN_UNINITIALIZED_AUTOS = YES_AGGRESSIVE;
				GCC_WARN_UNUSED_FUNCTION = YES;
				GCC_WARN_UNUSED_VARIABLE = YES;
				IPHONEOS_DEPLOYMENT_TARGET = 11.2;
				MTL_ENABLE_DEBUG_INFO = YES;
				ONLY_ACTIVE_ARCH = YES;
				SDKROOT = iphoneos;
			};
			name = Debug;
		};
		7277A4DA204D2C5E002A391E /* Release */ = {
			isa = XCBuildConfiguration;
			buildSettings = {
				ALWAYS_SEARCH_USER_PATHS = NO;
				CLANG_ANALYZER_NONNULL = YES;
				CLANG_ANALYZER_NUMBER_OBJECT_CONVERSION = YES_AGGRESSIVE;
				CLANG_CXX_LANGUAGE_STANDARD = "gnu++14";
				CLANG_CXX_LIBRARY = "libc++";
				CLANG_ENABLE_MODULES = YES;
				CLANG_ENABLE_OBJC_ARC = YES;
				CLANG_WARN_BLOCK_CAPTURE_AUTORELEASING = YES;
				CLANG_WARN_BOOL_CONVERSION = YES;
				CLANG_WARN_COMMA = YES;
				CLANG_WARN_CONSTANT_CONVERSION = YES;
				CLANG_WARN_DIRECT_OBJC_ISA_USAGE = YES_ERROR;
				CLANG_WARN_DOCUMENTATION_COMMENTS = YES;
				CLANG_WARN_EMPTY_BODY = YES;
				CLANG_WARN_ENUM_CONVERSION = YES;
				CLANG_WARN_INFINITE_RECURSION = YES;
				CLANG_WARN_INT_CONVERSION = YES;
				CLANG_WARN_NON_LITERAL_NULL_CONVERSION = YES;
				CLANG_WARN_OBJC_LITERAL_CONVERSION = YES;
				CLANG_WARN_OBJC_ROOT_CLASS = YES_ERROR;
				CLANG_WARN_RANGE_LOOP_ANALYSIS = YES;
				CLANG_WARN_STRICT_PROTOTYPES = YES;
				CLANG_WARN_SUSPICIOUS_MOVE = YES;
				CLANG_WARN_UNGUARDED_AVAILABILITY = YES_AGGRESSIVE;
				CLANG_WARN_UNREACHABLE_CODE = YES;
				CLANG_WARN__DUPLICATE_METHOD_MATCH = YES;
				CODE_SIGN_IDENTITY = "iPhone Developer";
				COPY_PHASE_STRIP = NO;
				DEBUG_INFORMATION_FORMAT = "dwarf-with-dsym";
				ENABLE_NS_ASSERTIONS = NO;
				ENABLE_STRICT_OBJC_MSGSEND = YES;
				GCC_C_LANGUAGE_STANDARD = gnu11;
				GCC_NO_COMMON_BLOCKS = YES;
				GCC_WARN_64_TO_32_BIT_CONVERSION = YES;
				GCC_WARN_ABOUT_RETURN_TYPE = YES_ERROR;
				GCC_WARN_UNDECLARED_SELECTOR = YES;
				GCC_WARN_UNINITIALIZED_AUTOS = YES_AGGRESSIVE;
				GCC_WARN_UNUSED_FUNCTION = YES;
				GCC_WARN_UNUSED_VARIABLE = YES;
				IPHONEOS_DEPLOYMENT_TARGET = 11.2;
				MTL_ENABLE_DEBUG_INFO = NO;
				SDKROOT = iphoneos;
				VALIDATE_PRODUCT = YES;
			};
			name = Release;
		};
		7277A4DC204D2C5E002A391E /* Debug */ = {
			isa = XCBuildConfiguration;
			baseConfigurationReference = 0C51F676C080E22DDFE4900D /* Pods-TrendsCell.debug.xcconfig */;
			buildSettings = {
				ASSETCATALOG_COMPILER_APPICON_NAME = AppIcon;
				CODE_SIGN_STYLE = Automatic;
				INFOPLIST_FILE = TrendsCell/Info.plist;
				LD_RUNPATH_SEARCH_PATHS = "$(inherited) @executable_path/Frameworks";
				PRODUCT_BUNDLE_IDENTIFIER = hesongze.TrendsCell;
				PRODUCT_NAME = "$(TARGET_NAME)";
				TARGETED_DEVICE_FAMILY = "1,2";
			};
			name = Debug;
		};
		7277A4DD204D2C5E002A391E /* Release */ = {
			isa = XCBuildConfiguration;
			baseConfigurationReference = C6F0C8242369CC1AAF762428 /* Pods-TrendsCell.release.xcconfig */;
			buildSettings = {
				ASSETCATALOG_COMPILER_APPICON_NAME = AppIcon;
				CODE_SIGN_STYLE = Automatic;
				INFOPLIST_FILE = TrendsCell/Info.plist;
				LD_RUNPATH_SEARCH_PATHS = "$(inherited) @executable_path/Frameworks";
				PRODUCT_BUNDLE_IDENTIFIER = hesongze.TrendsCell;
				PRODUCT_NAME = "$(TARGET_NAME)";
				TARGETED_DEVICE_FAMILY = "1,2";
			};
			name = Release;
		};
		7277A4DF204D2C5E002A391E /* Debug */ = {
			isa = XCBuildConfiguration;
			buildSettings = {
				BUNDLE_LOADER = "$(TEST_HOST)";
				CODE_SIGN_STYLE = Automatic;
				INFOPLIST_FILE = TrendsCellTests/Info.plist;
				LD_RUNPATH_SEARCH_PATHS = "$(inherited) @executable_path/Frameworks @loader_path/Frameworks";
				PRODUCT_BUNDLE_IDENTIFIER = hesongze.TrendsCellTests;
				PRODUCT_NAME = "$(TARGET_NAME)";
				TARGETED_DEVICE_FAMILY = "1,2";
				TEST_HOST = "$(BUILT_PRODUCTS_DIR)/TrendsCell.app/TrendsCell";
			};
			name = Debug;
		};
		7277A4E0204D2C5E002A391E /* Release */ = {
			isa = XCBuildConfiguration;
			buildSettings = {
				BUNDLE_LOADER = "$(TEST_HOST)";
				CODE_SIGN_STYLE = Automatic;
				INFOPLIST_FILE = TrendsCellTests/Info.plist;
				LD_RUNPATH_SEARCH_PATHS = "$(inherited) @executable_path/Frameworks @loader_path/Frameworks";
				PRODUCT_BUNDLE_IDENTIFIER = hesongze.TrendsCellTests;
				PRODUCT_NAME = "$(TARGET_NAME)";
				TARGETED_DEVICE_FAMILY = "1,2";
				TEST_HOST = "$(BUILT_PRODUCTS_DIR)/TrendsCell.app/TrendsCell";
			};
			name = Release;
		};
		7277A4E2204D2C5E002A391E /* Debug */ = {
			isa = XCBuildConfiguration;
			buildSettings = {
				CODE_SIGN_STYLE = Automatic;
				INFOPLIST_FILE = TrendsCellUITests/Info.plist;
				LD_RUNPATH_SEARCH_PATHS = "$(inherited) @executable_path/Frameworks @loader_path/Frameworks";
				PRODUCT_BUNDLE_IDENTIFIER = hesongze.TrendsCellUITests;
				PRODUCT_NAME = "$(TARGET_NAME)";
				TARGETED_DEVICE_FAMILY = "1,2";
				TEST_TARGET_NAME = TrendsCell;
			};
			name = Debug;
		};
		7277A4E3204D2C5E002A391E /* Release */ = {
			isa = XCBuildConfiguration;
			buildSettings = {
				CODE_SIGN_STYLE = Automatic;
				INFOPLIST_FILE = TrendsCellUITests/Info.plist;
				LD_RUNPATH_SEARCH_PATHS = "$(inherited) @executable_path/Frameworks @loader_path/Frameworks";
				PRODUCT_BUNDLE_IDENTIFIER = hesongze.TrendsCellUITests;
				PRODUCT_NAME = "$(TARGET_NAME)";
				TARGETED_DEVICE_FAMILY = "1,2";
				TEST_TARGET_NAME = TrendsCell;
			};
			name = Release;
		};
/* End XCBuildConfiguration section */

/* Begin XCConfigurationList section */
		7277A4AA204D2C5E002A391E /* Build configuration list for PBXProject "TrendsCell" */ = {
			isa = XCConfigurationList;
			buildConfigurations = (
				7277A4D9204D2C5E002A391E /* Debug */,
				7277A4DA204D2C5E002A391E /* Release */,
			);
			defaultConfigurationIsVisible = 0;
			defaultConfigurationName = Release;
		};
		7277A4DB204D2C5E002A391E /* Build configuration list for PBXNativeTarget "TrendsCell" */ = {
			isa = XCConfigurationList;
			buildConfigurations = (
				7277A4DC204D2C5E002A391E /* Debug */,
				7277A4DD204D2C5E002A391E /* Release */,
			);
			defaultConfigurationIsVisible = 0;
			defaultConfigurationName = Release;
		};
		7277A4DE204D2C5E002A391E /* Build configuration list for PBXNativeTarget "TrendsCellTests" */ = {
			isa = XCConfigurationList;
			buildConfigurations = (
				7277A4DF204D2C5E002A391E /* Debug */,
				7277A4E0204D2C5E002A391E /* Release */,
			);
			defaultConfigurationIsVisible = 0;
			defaultConfigurationName = Release;
		};
		7277A4E1204D2C5E002A391E /* Build configuration list for PBXNativeTarget "TrendsCellUITests" */ = {
			isa = XCConfigurationList;
			buildConfigurations = (
				7277A4E2204D2C5E002A391E /* Debug */,
				7277A4E3204D2C5E002A391E /* Release */,
			);
			defaultConfigurationIsVisible = 0;
			defaultConfigurationName = Release;
		};
/* End XCConfigurationList section */
	};
	rootObject = 7277A4A7204D2C5E002A391E /* Project object */;
}
